
Microsoft Visual Studio Solution File, Format Version 12.00
# Visual Studio Version 17
VisualStudioVersion = 17.5.002.0
MinimumVisualStudioVersion = 10.0.40219.1
Project("{9A19103F-16F7-4668-BE54-9A1E7A4F7556}") = "mslearn-blazor-todo", "BlazorTodo\mslearn-blazor-todo.csproj", "{12F0DE25-56EE-427A-A62C-39D2717B05C0}"
EndProject
Global
	GlobalSection(SolutionConfigurationPlatforms) = preSolution
		Debug|Any CPU = Debug|Any CPU
		Release|Any CPU = Release|Any CPU
	EndGlobalSection
	GlobalSection(ProjectConfigurationPlatforms) = postSolution
		{12F0DE25-56EE-427A-A62C-39D2717B05C0}.Debug|Any CPU.ActiveCfg = Debug|Any CPU
		{12F0DE25-56EE-427A-A62C-39D2717B05C0}.Debug|Any CPU.Build.0 = Debug|Any CPU
		{12F0DE25-56EE-427A-A62C-39D2717B05C0}.Release|Any CPU.ActiveCfg = Release|Any CPU
		{12F0DE25-56EE-427A-A62C-39D2717B05C0}.Release|Any CPU.Build.0 = Release|Any CPU
	EndGlobalSection
	GlobalSection(SolutionProperties) = preSolution
		HideSolutionNode = FALSE
	EndGlobalSection
	GlobalSection(ExtensibilityGlobals) = postSolution
		SolutionGuid = {DE927A30-5C12-407A-8617-7DD51F9B462E}
	EndGlobalSection
EndGlobal
